{
  "name": "condense-workspace",
  "version": "1.5.2",
  "lockfileVersion": 3,
  "requires": true,
  "packages": {
    "": {
      "name": "condense-workspace",
      "version": "1.5.2",
      "workspaces": [
        "packages/*"
      ],
      "devDependencies": {
        "@clack/prompts": "0.11.0"
      }
    },
    "node_modules/@clack/core": {
      "version": "0.5.0",
      "resolved": "https://registry.npmjs.org/@clack/core/-/core-0.5.0.tgz",
      "integrity": "sha512-p3y0FIOwaYRUPRcMO7+dlmLh8PSRcrjuTndsiA0WAFbWES0mLZlrjVoBRZ9DzkPFJZG6KGkJmoEAY0ZcVWTkow==",
      "dev": true,
      "license": "MIT",
      "dependencies": {
        "picocolors": "^1.0.0",
        "sisteransi": "^1.0.5"
      }
    },
    "node_modules/@clack/prompts": {
      "version": "0.11.0",
      "resolved": "https://registry.npmjs.org/@clack/prompts/-/prompts-0.11.0.tgz",
      "integrity": "sha512-pMN5FcrEw9hUkZA4f+zLlzivQSeQf5dRGJjSUbvVYDLvpKCdQx5OaknvKzgbtXOizhP+SJJJjqEbOe55uKKfAw==",
      "dev": true,
      "license": "MIT",
      "dependencies": {
        "@clack/core": "0.5.0",
        "picocolors": "^1.0.0",
        "sisteransi": "^1.0.5"
      }
    },
    "node_modules/condense": {
      "resolved": "packages/cli",
      "link": true
    },
    "node_modules/condense-darwin-arm64": {
      "resolved": "packages/condense-darwin-arm64",
      "link": true
    },
    "node_modules/condense-darwin-x64": {
      "resolved": "packages/condense-darwin-x64",
      "link": true
    },
    "node_modules/condense-linux-arm64": {
      "resolved": "packages/condense-linux-arm64",
      "link": true
    },
    "node_modules/condense-linux-x64": {
      "resolved": "packages/condense-linux-x64",
      "link": true
    },
    "node_modules/condense-win32-x64": {
      "resolved": "packages/condense-win32-x64",
      "link": true
    },
    "node_modules/picocolors": {
      "version": "1.1.1",
      "resolved": "https://registry.npmjs.org/picocolors/-/picocolors-1.1.1.tgz",
      "integrity": "sha512-xceH2snhtb5M9liqDsmEw56le376mTZkEX/jEb/RxNFyegNul7eNslCXP9FDj/Lcu0X8KEyMceP2ntpaHrDEVA==",
      "dev": true,
      "license": "ISC"
    },
    "node_modules/sisteransi": {
      "version": "1.0.5",
      "resolved": "https://registry.npmjs.org/sisteransi/-/sisteransi-1.0.5.tgz",
      "integrity": "sha512-bLGGlR1QxBcynn2d5YmDX4MGjlZvy2MRBDRNHLJ8VI6l6+9FUiyTFNJ0IveOSP0bcXgVDPRcfGqA0pjaqUpfVg==",
      "dev": true,
      "license": "MIT"
    },
    "packages/cli": {
      "name": "condense",
      "version": "1.5.2",
      "license": "Apache-2.0",
      "bin": {
        "condense": "bin/condense.js"
      },
      "engines": {
        "node": ">=18"
      },
      "optionalDependencies": {
        "condense-darwin-arm64": "1.5.2",
        "condense-darwin-x64": "1.5.2",
        "condense-linux-arm64": "1.5.2",
        "condense-linux-x64": "1.5.2",
        "condense-win32-x64": "1.5.2"
      }
    },
    "packages/condense-darwin-arm64": {
      "version": "1.5.2",
      "cpu": [
        "arm64"
      ],
      "license": "Apache-2.0",
      "os": [
        "darwin"
      ]
    },
    "packages/condense-darwin-x64": {
      "version": "1.5.2",
      "cpu": [
        "x64"
      ],
      "license": "Apache-2.0",
      "os": [
        "darwin"
      ]
    },
    "packages/condense-linux-arm64": {
      "version": "1.5.2",
      "cpu": [
        "arm64"
      ],
      "license": "Apache-2.0",
      "os": [
        "linux"
      ]
    },
    "packages/condense-linux-x64": {
      "version": "1.5.2",
      "cpu": [
        "x64"
      ],
      "license": "Apache-2.0",
      "os": [
        "linux"
      ]
    },
    "packages/condense-win32-x64": {
      "version": "1.5.2",
      "cpu": [
        "x64"
      ],
      "license": "Apache-2.0",
      "os": [
        "win32"
      ]
    }
  }
}
